
Microsoft Visual Studio Solution File, Format Version 12.00
# Visual Studio Version 17
VisualStudioVersion = 17.4.33110.190
MinimumVisualStudioVersion = 10.0.40219.1
Project("{FAE04EC0-301F-11D3-BF4B-00C04F79EFBC}") = "43- Criando classes", "43- Criando classes.csproj", "{3407D8BD-E065-4174-802F-A6FFF2739201}"
EndProject
Global
	GlobalSection(SolutionConfigurationPlatforms) = preSolution
		Debug|Any CPU = Debug|Any CPU
		Release|Any CPU = Release|Any CPU
	EndGlobalSection
	GlobalSection(ProjectConfigurationPlatforms) = postSolution
		{3407D8BD-E065-4174-802F-A6FFF2739201}.Debug|Any CPU.ActiveCfg = Debug|Any CPU
		{3407D8BD-E065-4174-802F-A6FFF2739201}.Debug|Any CPU.Build.0 = Debug|Any CPU
		{3407D8BD-E065-4174-802F-A6FFF2739201}.Release|Any CPU.ActiveCfg = Release|Any CPU
		{3407D8BD-E065-4174-802F-A6FFF2739201}.Release|Any CPU.Build.0 = Release|Any CPU
	EndGlobalSection
	GlobalSection(SolutionProperties) = preSolution
		HideSolutionNode = FALSE
	EndGlobalSection
	GlobalSection(ExtensibilityGlobals) = postSolution
		SolutionGuid = {93C1466B-17FD-486B-A177-52DD801801FC}
	EndGlobalSection
EndGlobal
