
Microsoft Visual Studio Solution File, Format Version 12.00
# Visual Studio Version 17
VisualStudioVersion = 17.4.33110.190
MinimumVisualStudioVersion = 10.0.40219.1
Project("{FAE04EC0-301F-11D3-BF4B-00C04F79EFBC}") = "Aulas CS Udemy", "Aulas CS Udemy.csproj", "{B0F50C57-FE4F-4430-BAC1-340B49FAB5FC}"
EndProject
Global
	GlobalSection(SolutionConfigurationPlatforms) = preSolution
		Debug|Any CPU = Debug|Any CPU
		Release|Any CPU = Release|Any CPU
	EndGlobalSection
	GlobalSection(ProjectConfigurationPlatforms) = postSolution
		{B0F50C57-FE4F-4430-BAC1-340B49FAB5FC}.Debug|Any CPU.ActiveCfg = Debug|Any CPU
		{B0F50C57-FE4F-4430-BAC1-340B49FAB5FC}.Debug|Any CPU.Build.0 = Debug|Any CPU
		{B0F50C57-FE4F-4430-BAC1-340B49FAB5FC}.Release|Any CPU.ActiveCfg = Release|Any CPU
		{B0F50C57-FE4F-4430-BAC1-340B49FAB5FC}.Release|Any CPU.Build.0 = Release|Any CPU
	EndGlobalSection
	GlobalSection(SolutionProperties) = preSolution
		HideSolutionNode = FALSE
	EndGlobalSection
	GlobalSection(ExtensibilityGlobals) = postSolution
		SolutionGuid = {F4074D4F-7D0A-4331-95A4-C2ABD40266A1}
	EndGlobalSection
EndGlobal
