
Microsoft Visual Studio Solution File, Format Version 12.00
# Visual Studio Version 17
VisualStudioVersion = 17.4.33122.133
MinimumVisualStudioVersion = 10.0.40219.1
Project("{FAE04EC0-301F-11D3-BF4B-00C04F79EFBC}") = "71. Décimo projeto", "71. Décimo projeto.csproj", "{A875BA74-FBB6-4495-83EC-78018CB3E921}"
EndProject
Global
	GlobalSection(SolutionConfigurationPlatforms) = preSolution
		Debug|Any CPU = Debug|Any CPU
		Release|Any CPU = Release|Any CPU
	EndGlobalSection
	GlobalSection(ProjectConfigurationPlatforms) = postSolution
		{A875BA74-FBB6-4495-83EC-78018CB3E921}.Debug|Any CPU.ActiveCfg = Debug|Any CPU
		{A875BA74-FBB6-4495-83EC-78018CB3E921}.Debug|Any CPU.Build.0 = Debug|Any CPU
		{A875BA74-FBB6-4495-83EC-78018CB3E921}.Release|Any CPU.ActiveCfg = Release|Any CPU
		{A875BA74-FBB6-4495-83EC-78018CB3E921}.Release|Any CPU.Build.0 = Release|Any CPU
	EndGlobalSection
	GlobalSection(SolutionProperties) = preSolution
		HideSolutionNode = FALSE
	EndGlobalSection
	GlobalSection(ExtensibilityGlobals) = postSolution
		SolutionGuid = {BEAD4535-EC58-408B-9B9E-2BE3A203B1F2}
	EndGlobalSection
EndGlobal
