
Microsoft Visual Studio Solution File, Format Version 12.00
# Visual Studio Version 17
VisualStudioVersion = 17.2.32519.379
MinimumVisualStudioVersion = 10.0.40219.1
Project("{FAE04EC0-301F-11D3-BF4B-00C04F79EFBC}") = "MinhaPrimeiraDll", "MinhaPrimeiraDll\MinhaPrimeiraDll.csproj", "{E8D5B6F8-F426-4653-80D6-C6820B0CF323}"
EndProject
Global
	GlobalSection(SolutionConfigurationPlatforms) = preSolution
		Debug|Any CPU = Debug|Any CPU
		Release|Any CPU = Release|Any CPU
	EndGlobalSection
	GlobalSection(ProjectConfigurationPlatforms) = postSolution
		{E8D5B6F8-F426-4653-80D6-C6820B0CF323}.Debug|Any CPU.ActiveCfg = Debug|Any CPU
		{E8D5B6F8-F426-4653-80D6-C6820B0CF323}.Debug|Any CPU.Build.0 = Debug|Any CPU
		{E8D5B6F8-F426-4653-80D6-C6820B0CF323}.Release|Any CPU.ActiveCfg = Release|Any CPU
		{E8D5B6F8-F426-4653-80D6-C6820B0CF323}.Release|Any CPU.Build.0 = Release|Any CPU
	EndGlobalSection
	GlobalSection(SolutionProperties) = preSolution
		HideSolutionNode = FALSE
	EndGlobalSection
	GlobalSection(ExtensibilityGlobals) = postSolution
		SolutionGuid = {E4CFE0CA-69FF-4228-857E-71AF7B81043C}
	EndGlobalSection
EndGlobal
