
Microsoft Visual Studio Solution File, Format Version 12.00
# Visual Studio Version 17
VisualStudioVersion = 17.4.33205.214
MinimumVisualStudioVersion = 10.0.40219.1
Project("{FAE04EC0-301F-11D3-BF4B-00C04F79EFBC}") = "126- Aplicação Cliente", "126- Aplicação Cliente.csproj", "{F5133FB2-F176-4A64-92D8-BD54F2B86BCC}"
EndProject
Global
	GlobalSection(SolutionConfigurationPlatforms) = preSolution
		Debug|Any CPU = Debug|Any CPU
		Release|Any CPU = Release|Any CPU
	EndGlobalSection
	GlobalSection(ProjectConfigurationPlatforms) = postSolution
		{F5133FB2-F176-4A64-92D8-BD54F2B86BCC}.Debug|Any CPU.ActiveCfg = Debug|Any CPU
		{F5133FB2-F176-4A64-92D8-BD54F2B86BCC}.Debug|Any CPU.Build.0 = Debug|Any CPU
		{F5133FB2-F176-4A64-92D8-BD54F2B86BCC}.Release|Any CPU.ActiveCfg = Release|Any CPU
		{F5133FB2-F176-4A64-92D8-BD54F2B86BCC}.Release|Any CPU.Build.0 = Release|Any CPU
	EndGlobalSection
	GlobalSection(SolutionProperties) = preSolution
		HideSolutionNode = FALSE
	EndGlobalSection
	GlobalSection(ExtensibilityGlobals) = postSolution
		SolutionGuid = {E1DFE15C-ED15-4453-8E21-6806CA2CC17F}
	EndGlobalSection
EndGlobal
