
Microsoft Visual Studio Solution File, Format Version 12.00
# Visual Studio Version 17
VisualStudioVersion = 17.4.33110.190
MinimumVisualStudioVersion = 10.0.40219.1
Project("{FAE04EC0-301F-11D3-BF4B-00C04F79EFBC}") = "46- Modificador STATIC e palavra THIS", "46- Modificador STATIC e palavra THIS.csproj", "{27AB7F85-EA34-42BF-9477-6BC81F2C170D}"
EndProject
Global
	GlobalSection(SolutionConfigurationPlatforms) = preSolution
		Debug|Any CPU = Debug|Any CPU
		Release|Any CPU = Release|Any CPU
	EndGlobalSection
	GlobalSection(ProjectConfigurationPlatforms) = postSolution
		{27AB7F85-EA34-42BF-9477-6BC81F2C170D}.Debug|Any CPU.ActiveCfg = Debug|Any CPU
		{27AB7F85-EA34-42BF-9477-6BC81F2C170D}.Debug|Any CPU.Build.0 = Debug|Any CPU
		{27AB7F85-EA34-42BF-9477-6BC81F2C170D}.Release|Any CPU.ActiveCfg = Release|Any CPU
		{27AB7F85-EA34-42BF-9477-6BC81F2C170D}.Release|Any CPU.Build.0 = Release|Any CPU
	EndGlobalSection
	GlobalSection(SolutionProperties) = preSolution
		HideSolutionNode = FALSE
	EndGlobalSection
	GlobalSection(ExtensibilityGlobals) = postSolution
		SolutionGuid = {B69447D8-F2F5-476F-A09A-E2997F9B0287}
	EndGlobalSection
EndGlobal
