
Microsoft Visual Studio Solution File, Format Version 12.00
# Visual Studio Version 17
VisualStudioVersion = 17.4.33110.190
MinimumVisualStudioVersion = 10.0.40219.1
Project("{FAE04EC0-301F-11D3-BF4B-00C04F79EFBC}") = "50- Oitavo projeto", "50- Oitavo projeto.csproj", "{CCF5DAC8-64C5-42E1-984B-AA3CD549BD8F}"
EndProject
Global
	GlobalSection(SolutionConfigurationPlatforms) = preSolution
		Debug|Any CPU = Debug|Any CPU
		Release|Any CPU = Release|Any CPU
	EndGlobalSection
	GlobalSection(ProjectConfigurationPlatforms) = postSolution
		{CCF5DAC8-64C5-42E1-984B-AA3CD549BD8F}.Debug|Any CPU.ActiveCfg = Debug|Any CPU
		{CCF5DAC8-64C5-42E1-984B-AA3CD549BD8F}.Debug|Any CPU.Build.0 = Debug|Any CPU
		{CCF5DAC8-64C5-42E1-984B-AA3CD549BD8F}.Release|Any CPU.ActiveCfg = Release|Any CPU
		{CCF5DAC8-64C5-42E1-984B-AA3CD549BD8F}.Release|Any CPU.Build.0 = Release|Any CPU
	EndGlobalSection
	GlobalSection(SolutionProperties) = preSolution
		HideSolutionNode = FALSE
	EndGlobalSection
	GlobalSection(ExtensibilityGlobals) = postSolution
		SolutionGuid = {BCCDCA28-0064-4D7C-B295-E0231A0248D3}
	EndGlobalSection
EndGlobal
