
Microsoft Visual Studio Solution File, Format Version 12.00
# Visual Studio Version 17
VisualStudioVersion = 17.2.32519.379
MinimumVisualStudioVersion = 10.0.40219.1
Project("{FAE04EC0-301F-11D3-BF4B-00C04F79EFBC}") = "Mutex e Semaphore", "Mutex e Semaphore\Mutex e Semaphore.csproj", "{1F826F3C-D716-4988-848A-4E539D0383A9}"
EndProject
Global
	GlobalSection(SolutionConfigurationPlatforms) = preSolution
		Debug|Any CPU = Debug|Any CPU
		Release|Any CPU = Release|Any CPU
	EndGlobalSection
	GlobalSection(ProjectConfigurationPlatforms) = postSolution
		{1F826F3C-D716-4988-848A-4E539D0383A9}.Debug|Any CPU.ActiveCfg = Debug|Any CPU
		{1F826F3C-D716-4988-848A-4E539D0383A9}.Debug|Any CPU.Build.0 = Debug|Any CPU
		{1F826F3C-D716-4988-848A-4E539D0383A9}.Release|Any CPU.ActiveCfg = Release|Any CPU
		{1F826F3C-D716-4988-848A-4E539D0383A9}.Release|Any CPU.Build.0 = Release|Any CPU
	EndGlobalSection
	GlobalSection(SolutionProperties) = preSolution
		HideSolutionNode = FALSE
	EndGlobalSection
	GlobalSection(ExtensibilityGlobals) = postSolution
		SolutionGuid = {DBBDE388-5708-4358-A57C-940E2EAE062C}
	EndGlobalSection
EndGlobal
