
Microsoft Visual Studio Solution File, Format Version 12.00
# Visual Studio Version 17
VisualStudioVersion = 17.4.33110.190
MinimumVisualStudioVersion = 10.0.40219.1
Project("{FAE04EC0-301F-11D3-BF4B-00C04F79EFBC}") = "39- Sexto projeto", "39- Sexto projeto.csproj", "{1A52FF33-A79D-4AF6-BD6B-52F349751E46}"
EndProject
Global
	GlobalSection(SolutionConfigurationPlatforms) = preSolution
		Debug|Any CPU = Debug|Any CPU
		Release|Any CPU = Release|Any CPU
	EndGlobalSection
	GlobalSection(ProjectConfigurationPlatforms) = postSolution
		{1A52FF33-A79D-4AF6-BD6B-52F349751E46}.Debug|Any CPU.ActiveCfg = Debug|Any CPU
		{1A52FF33-A79D-4AF6-BD6B-52F349751E46}.Debug|Any CPU.Build.0 = Debug|Any CPU
		{1A52FF33-A79D-4AF6-BD6B-52F349751E46}.Release|Any CPU.ActiveCfg = Release|Any CPU
		{1A52FF33-A79D-4AF6-BD6B-52F349751E46}.Release|Any CPU.Build.0 = Release|Any CPU
	EndGlobalSection
	GlobalSection(SolutionProperties) = preSolution
		HideSolutionNode = FALSE
	EndGlobalSection
	GlobalSection(ExtensibilityGlobals) = postSolution
		SolutionGuid = {ABA8AE29-6B8D-45BF-A109-C2C075FD4573}
	EndGlobalSection
EndGlobal
