
Microsoft Visual Studio Solution File, Format Version 12.00
# Visual Studio Version 17
VisualStudioVersion = 17.2.32519.379
MinimumVisualStudioVersion = 10.0.40219.1
Project("{FAE04EC0-301F-11D3-BF4B-00C04F79EFBC}") = "Metodos Awais e Async", "Metodos Awais e Async\Metodos Awais e Async.csproj", "{81576643-45D5-49F4-B8E4-68DB1FE24209}"
EndProject
Global
	GlobalSection(SolutionConfigurationPlatforms) = preSolution
		Debug|Any CPU = Debug|Any CPU
		Release|Any CPU = Release|Any CPU
	EndGlobalSection
	GlobalSection(ProjectConfigurationPlatforms) = postSolution
		{81576643-45D5-49F4-B8E4-68DB1FE24209}.Debug|Any CPU.ActiveCfg = Debug|Any CPU
		{81576643-45D5-49F4-B8E4-68DB1FE24209}.Debug|Any CPU.Build.0 = Debug|Any CPU
		{81576643-45D5-49F4-B8E4-68DB1FE24209}.Release|Any CPU.ActiveCfg = Release|Any CPU
		{81576643-45D5-49F4-B8E4-68DB1FE24209}.Release|Any CPU.Build.0 = Release|Any CPU
	EndGlobalSection
	GlobalSection(SolutionProperties) = preSolution
		HideSolutionNode = FALSE
	EndGlobalSection
	GlobalSection(ExtensibilityGlobals) = postSolution
		SolutionGuid = {966F7999-6E81-454A-9774-F56472F34C4D}
	EndGlobalSection
EndGlobal
