
Microsoft Visual Studio Solution File, Format Version 12.00
# Visual Studio Version 17
VisualStudioVersion = 17.4.33122.133
MinimumVisualStudioVersion = 10.0.40219.1
Project("{9A19103F-16F7-4668-BE54-9A1E7A4F7556}") = "103- Décimo primeiro projeto", "103- Décimo primeiro projeto.csproj", "{15BD1DE4-C362-4814-9C84-00EA78EB0C56}"
EndProject
Project("{FAE04EC0-301F-11D3-BF4B-00C04F79EFBC}") = "103- CadastroBiblioteca", "..\103- CadastroBiblioteca\103- CadastroBiblioteca.csproj", "{8C1AE81E-02CD-464E-B848-537F7CB10279}"
EndProject
Global
	GlobalSection(SolutionConfigurationPlatforms) = preSolution
		Debug|Any CPU = Debug|Any CPU
		Release|Any CPU = Release|Any CPU
	EndGlobalSection
	GlobalSection(ProjectConfigurationPlatforms) = postSolution
		{15BD1DE4-C362-4814-9C84-00EA78EB0C56}.Debug|Any CPU.ActiveCfg = Debug|Any CPU
		{15BD1DE4-C362-4814-9C84-00EA78EB0C56}.Debug|Any CPU.Build.0 = Debug|Any CPU
		{15BD1DE4-C362-4814-9C84-00EA78EB0C56}.Release|Any CPU.ActiveCfg = Release|Any CPU
		{15BD1DE4-C362-4814-9C84-00EA78EB0C56}.Release|Any CPU.Build.0 = Release|Any CPU
		{8C1AE81E-02CD-464E-B848-537F7CB10279}.Debug|Any CPU.ActiveCfg = Debug|Any CPU
		{8C1AE81E-02CD-464E-B848-537F7CB10279}.Debug|Any CPU.Build.0 = Debug|Any CPU
		{8C1AE81E-02CD-464E-B848-537F7CB10279}.Release|Any CPU.ActiveCfg = Release|Any CPU
		{8C1AE81E-02CD-464E-B848-537F7CB10279}.Release|Any CPU.Build.0 = Release|Any CPU
	EndGlobalSection
	GlobalSection(SolutionProperties) = preSolution
		HideSolutionNode = FALSE
	EndGlobalSection
	GlobalSection(ExtensibilityGlobals) = postSolution
		SolutionGuid = {B99AEE7F-B5CD-4376-B5EA-7ED315539EAC}
	EndGlobalSection
EndGlobal
