
Microsoft Visual Studio Solution File, Format Version 12.00
# Visual Studio Version 17
VisualStudioVersion = 17.4.33110.190
MinimumVisualStudioVersion = 10.0.40219.1
Project("{FAE04EC0-301F-11D3-BF4B-00C04F79EFBC}") = "38- Depuração avançada", "38- Depuração avançada.csproj", "{248ABA8C-DCB6-4230-BF6E-0D8642D636F2}"
EndProject
Global
	GlobalSection(SolutionConfigurationPlatforms) = preSolution
		Debug|Any CPU = Debug|Any CPU
		Release|Any CPU = Release|Any CPU
	EndGlobalSection
	GlobalSection(ProjectConfigurationPlatforms) = postSolution
		{248ABA8C-DCB6-4230-BF6E-0D8642D636F2}.Debug|Any CPU.ActiveCfg = Debug|Any CPU
		{248ABA8C-DCB6-4230-BF6E-0D8642D636F2}.Debug|Any CPU.Build.0 = Debug|Any CPU
		{248ABA8C-DCB6-4230-BF6E-0D8642D636F2}.Release|Any CPU.ActiveCfg = Release|Any CPU
		{248ABA8C-DCB6-4230-BF6E-0D8642D636F2}.Release|Any CPU.Build.0 = Release|Any CPU
	EndGlobalSection
	GlobalSection(SolutionProperties) = preSolution
		HideSolutionNode = FALSE
	EndGlobalSection
	GlobalSection(ExtensibilityGlobals) = postSolution
		SolutionGuid = {672BEE31-2824-4C63-B71F-13FCFBE0D613}
	EndGlobalSection
EndGlobal
