
Microsoft Visual Studio Solution File, Format Version 12.00
# Visual Studio Version 17
VisualStudioVersion = 17.2.32519.379
MinimumVisualStudioVersion = 10.0.40219.1
Project("{FAE04EC0-301F-11D3-BF4B-00C04F79EFBC}") = "Usando DLL nativa 3", "Usando DLL nativa 3\Usando DLL nativa 3.csproj", "{D18F728E-679F-4932-9EFF-BBB2AD617847}"
EndProject
Global
	GlobalSection(SolutionConfigurationPlatforms) = preSolution
		Debug|Any CPU = Debug|Any CPU
		Release|Any CPU = Release|Any CPU
	EndGlobalSection
	GlobalSection(ProjectConfigurationPlatforms) = postSolution
		{D18F728E-679F-4932-9EFF-BBB2AD617847}.Debug|Any CPU.ActiveCfg = Debug|Any CPU
		{D18F728E-679F-4932-9EFF-BBB2AD617847}.Debug|Any CPU.Build.0 = Debug|Any CPU
		{D18F728E-679F-4932-9EFF-BBB2AD617847}.Release|Any CPU.ActiveCfg = Release|Any CPU
		{D18F728E-679F-4932-9EFF-BBB2AD617847}.Release|Any CPU.Build.0 = Release|Any CPU
	EndGlobalSection
	GlobalSection(SolutionProperties) = preSolution
		HideSolutionNode = FALSE
	EndGlobalSection
	GlobalSection(ExtensibilityGlobals) = postSolution
		SolutionGuid = {8DFA3EFE-637A-4882-9E7D-B5D0C86CEDD0}
	EndGlobalSection
EndGlobal
