
Microsoft Visual Studio Solution File, Format Version 12.00
# Visual Studio Version 17
VisualStudioVersion = 17.2.32519.379
MinimumVisualStudioVersion = 10.0.40219.1
Project("{FAE04EC0-301F-11D3-BF4B-00C04F79EFBC}") = "Criando um projeto DLL", "Criando um projeto DLL\Criando um projeto DLL.csproj", "{2B33F4FD-603E-4A52-8887-CDA7151E017F}"
EndProject
Global
	GlobalSection(SolutionConfigurationPlatforms) = preSolution
		Debug|Any CPU = Debug|Any CPU
		Release|Any CPU = Release|Any CPU
	EndGlobalSection
	GlobalSection(ProjectConfigurationPlatforms) = postSolution
		{2B33F4FD-603E-4A52-8887-CDA7151E017F}.Debug|Any CPU.ActiveCfg = Debug|Any CPU
		{2B33F4FD-603E-4A52-8887-CDA7151E017F}.Debug|Any CPU.Build.0 = Debug|Any CPU
		{2B33F4FD-603E-4A52-8887-CDA7151E017F}.Release|Any CPU.ActiveCfg = Release|Any CPU
		{2B33F4FD-603E-4A52-8887-CDA7151E017F}.Release|Any CPU.Build.0 = Release|Any CPU
	EndGlobalSection
	GlobalSection(SolutionProperties) = preSolution
		HideSolutionNode = FALSE
	EndGlobalSection
	GlobalSection(ExtensibilityGlobals) = postSolution
		SolutionGuid = {EED1A661-E355-4078-9E57-5EFE38BAE060}
	EndGlobalSection
EndGlobal
