
Microsoft Visual Studio Solution File, Format Version 12.00
# Visual Studio Version 17
VisualStudioVersion = 17.2.32519.379
MinimumVisualStudioVersion = 10.0.40219.1
Project("{FAE04EC0-301F-11D3-BF4B-00C04F79EFBC}") = "Carregando DLL no projeto", "Carregando DLL no projeto\Carregando DLL no projeto.csproj", "{90F1FE8F-B38E-4EE6-8421-6F436931EC57}"
EndProject
Global
	GlobalSection(SolutionConfigurationPlatforms) = preSolution
		Debug|Any CPU = Debug|Any CPU
		Release|Any CPU = Release|Any CPU
	EndGlobalSection
	GlobalSection(ProjectConfigurationPlatforms) = postSolution
		{90F1FE8F-B38E-4EE6-8421-6F436931EC57}.Debug|Any CPU.ActiveCfg = Debug|Any CPU
		{90F1FE8F-B38E-4EE6-8421-6F436931EC57}.Debug|Any CPU.Build.0 = Debug|Any CPU
		{90F1FE8F-B38E-4EE6-8421-6F436931EC57}.Release|Any CPU.ActiveCfg = Release|Any CPU
		{90F1FE8F-B38E-4EE6-8421-6F436931EC57}.Release|Any CPU.Build.0 = Release|Any CPU
	EndGlobalSection
	GlobalSection(SolutionProperties) = preSolution
		HideSolutionNode = FALSE
	EndGlobalSection
	GlobalSection(ExtensibilityGlobals) = postSolution
		SolutionGuid = {8648CB41-C84F-42D4-B7E1-FD23A6804F51}
	EndGlobalSection
EndGlobal
