
Microsoft Visual Studio Solution File, Format Version 12.00
# Visual Studio Version 17
VisualStudioVersion = 17.4.33122.133
MinimumVisualStudioVersion = 10.0.40219.1
Project("{FAE04EC0-301F-11D3-BF4B-00C04F79EFBC}") = "62- Eventos", "62- Eventos.csproj", "{CBC32BCA-F63B-4A50-89FA-94B5460A7856}"
EndProject
Global
	GlobalSection(SolutionConfigurationPlatforms) = preSolution
		Debug|Any CPU = Debug|Any CPU
		Release|Any CPU = Release|Any CPU
	EndGlobalSection
	GlobalSection(ProjectConfigurationPlatforms) = postSolution
		{CBC32BCA-F63B-4A50-89FA-94B5460A7856}.Debug|Any CPU.ActiveCfg = Debug|Any CPU
		{CBC32BCA-F63B-4A50-89FA-94B5460A7856}.Debug|Any CPU.Build.0 = Debug|Any CPU
		{CBC32BCA-F63B-4A50-89FA-94B5460A7856}.Release|Any CPU.ActiveCfg = Release|Any CPU
		{CBC32BCA-F63B-4A50-89FA-94B5460A7856}.Release|Any CPU.Build.0 = Release|Any CPU
	EndGlobalSection
	GlobalSection(SolutionProperties) = preSolution
		HideSolutionNode = FALSE
	EndGlobalSection
	GlobalSection(ExtensibilityGlobals) = postSolution
		SolutionGuid = {F46C81CB-E185-4555-8CF7-E1D07FD12FD8}
	EndGlobalSection
EndGlobal
