
Microsoft Visual Studio Solution File, Format Version 12.00
# Visual Studio Version 17
VisualStudioVersion = 17.4.33110.190
MinimumVisualStudioVersion = 10.0.40219.1
Project("{FAE04EC0-301F-11D3-BF4B-00C04F79EFBC}") = "58- O que é uma exceção", "58- O que é uma exceção.csproj", "{021C3AE6-A0D0-4BF2-B07E-09342B94BA3B}"
EndProject
Global
	GlobalSection(SolutionConfigurationPlatforms) = preSolution
		Debug|Any CPU = Debug|Any CPU
		Release|Any CPU = Release|Any CPU
	EndGlobalSection
	GlobalSection(ProjectConfigurationPlatforms) = postSolution
		{021C3AE6-A0D0-4BF2-B07E-09342B94BA3B}.Debug|Any CPU.ActiveCfg = Debug|Any CPU
		{021C3AE6-A0D0-4BF2-B07E-09342B94BA3B}.Debug|Any CPU.Build.0 = Debug|Any CPU
		{021C3AE6-A0D0-4BF2-B07E-09342B94BA3B}.Release|Any CPU.ActiveCfg = Release|Any CPU
		{021C3AE6-A0D0-4BF2-B07E-09342B94BA3B}.Release|Any CPU.Build.0 = Release|Any CPU
	EndGlobalSection
	GlobalSection(SolutionProperties) = preSolution
		HideSolutionNode = FALSE
	EndGlobalSection
	GlobalSection(ExtensibilityGlobals) = postSolution
		SolutionGuid = {1E0E5E25-E219-4152-A635-9AB18854D5A7}
	EndGlobalSection
EndGlobal
