
Microsoft Visual Studio Solution File, Format Version 12.00
# Visual Studio Version 17
VisualStudioVersion = 17.2.32519.379
MinimumVisualStudioVersion = 10.0.40219.1
Project("{FAE04EC0-301F-11D3-BF4B-00C04F79EFBC}") = "SystemTimers", "SystemTimers\SystemTimers.csproj", "{139C1515-F9AC-4FE3-B24C-9A835A3CB8D1}"
EndProject
Global
	GlobalSection(SolutionConfigurationPlatforms) = preSolution
		Debug|Any CPU = Debug|Any CPU
		Release|Any CPU = Release|Any CPU
	EndGlobalSection
	GlobalSection(ProjectConfigurationPlatforms) = postSolution
		{139C1515-F9AC-4FE3-B24C-9A835A3CB8D1}.Debug|Any CPU.ActiveCfg = Debug|Any CPU
		{139C1515-F9AC-4FE3-B24C-9A835A3CB8D1}.Debug|Any CPU.Build.0 = Debug|Any CPU
		{139C1515-F9AC-4FE3-B24C-9A835A3CB8D1}.Release|Any CPU.ActiveCfg = Release|Any CPU
		{139C1515-F9AC-4FE3-B24C-9A835A3CB8D1}.Release|Any CPU.Build.0 = Release|Any CPU
	EndGlobalSection
	GlobalSection(SolutionProperties) = preSolution
		HideSolutionNode = FALSE
	EndGlobalSection
	GlobalSection(ExtensibilityGlobals) = postSolution
		SolutionGuid = {B954AD4D-16E1-49F6-837D-7819E2FB3275}
	EndGlobalSection
EndGlobal
