
Microsoft Visual Studio Solution File, Format Version 12.00
# Visual Studio Version 17
VisualStudioVersion = 17.4.33110.190
MinimumVisualStudioVersion = 10.0.40219.1
Project("{FAE04EC0-301F-11D3-BF4B-00C04F79EFBC}") = "52- Exemplo herança de classes", "52- Exemplo herança de classes.csproj", "{2CE8CD04-AA02-40C1-A491-D0BF2001FA65}"
EndProject
Global
	GlobalSection(SolutionConfigurationPlatforms) = preSolution
		Debug|Any CPU = Debug|Any CPU
		Release|Any CPU = Release|Any CPU
	EndGlobalSection
	GlobalSection(ProjectConfigurationPlatforms) = postSolution
		{2CE8CD04-AA02-40C1-A491-D0BF2001FA65}.Debug|Any CPU.ActiveCfg = Debug|Any CPU
		{2CE8CD04-AA02-40C1-A491-D0BF2001FA65}.Debug|Any CPU.Build.0 = Debug|Any CPU
		{2CE8CD04-AA02-40C1-A491-D0BF2001FA65}.Release|Any CPU.ActiveCfg = Release|Any CPU
		{2CE8CD04-AA02-40C1-A491-D0BF2001FA65}.Release|Any CPU.Build.0 = Release|Any CPU
	EndGlobalSection
	GlobalSection(SolutionProperties) = preSolution
		HideSolutionNode = FALSE
	EndGlobalSection
	GlobalSection(ExtensibilityGlobals) = postSolution
		SolutionGuid = {E4E4F4C3-D20C-40DB-A6B4-8ACE48E1605C}
	EndGlobalSection
EndGlobal
