
Microsoft Visual Studio Solution File, Format Version 12.00
# Visual Studio Version 17
VisualStudioVersion = 17.4.33110.190
MinimumVisualStudioVersion = 10.0.40219.1
Project("{FAE04EC0-301F-11D3-BF4B-00C04F79EFBC}") = "54- Herança polimorfismo", "54- Herança polimorfismo.csproj", "{8593541D-E0F3-4F77-B33D-26558D6B5E7D}"
EndProject
Global
	GlobalSection(SolutionConfigurationPlatforms) = preSolution
		Debug|Any CPU = Debug|Any CPU
		Release|Any CPU = Release|Any CPU
	EndGlobalSection
	GlobalSection(ProjectConfigurationPlatforms) = postSolution
		{8593541D-E0F3-4F77-B33D-26558D6B5E7D}.Debug|Any CPU.ActiveCfg = Debug|Any CPU
		{8593541D-E0F3-4F77-B33D-26558D6B5E7D}.Debug|Any CPU.Build.0 = Debug|Any CPU
		{8593541D-E0F3-4F77-B33D-26558D6B5E7D}.Release|Any CPU.ActiveCfg = Release|Any CPU
		{8593541D-E0F3-4F77-B33D-26558D6B5E7D}.Release|Any CPU.Build.0 = Release|Any CPU
	EndGlobalSection
	GlobalSection(SolutionProperties) = preSolution
		HideSolutionNode = FALSE
	EndGlobalSection
	GlobalSection(ExtensibilityGlobals) = postSolution
		SolutionGuid = {209A5A27-3E68-44A3-A25B-5C44550FC30B}
	EndGlobalSection
EndGlobal
