
Microsoft Visual Studio Solution File, Format Version 12.00
# Visual Studio Version 17
VisualStudioVersion = 17.4.33110.190
MinimumVisualStudioVersion = 10.0.40219.1
Project("{FAE04EC0-301F-11D3-BF4B-00C04F79EFBC}") = "61- Como criar a sua própria exceção", "61- Como criar a sua própria exceção.csproj", "{03201DE6-9059-4721-A3D3-5F2411F20F21}"
EndProject
Global
	GlobalSection(SolutionConfigurationPlatforms) = preSolution
		Debug|Any CPU = Debug|Any CPU
		Release|Any CPU = Release|Any CPU
	EndGlobalSection
	GlobalSection(ProjectConfigurationPlatforms) = postSolution
		{03201DE6-9059-4721-A3D3-5F2411F20F21}.Debug|Any CPU.ActiveCfg = Debug|Any CPU
		{03201DE6-9059-4721-A3D3-5F2411F20F21}.Debug|Any CPU.Build.0 = Debug|Any CPU
		{03201DE6-9059-4721-A3D3-5F2411F20F21}.Release|Any CPU.ActiveCfg = Release|Any CPU
		{03201DE6-9059-4721-A3D3-5F2411F20F21}.Release|Any CPU.Build.0 = Release|Any CPU
	EndGlobalSection
	GlobalSection(SolutionProperties) = preSolution
		HideSolutionNode = FALSE
	EndGlobalSection
	GlobalSection(ExtensibilityGlobals) = postSolution
		SolutionGuid = {A4CAD3CA-F1C4-46AE-A16B-223FBE029BEB}
	EndGlobalSection
EndGlobal
