
Microsoft Visual Studio Solution File, Format Version 12.00
# Visual Studio Version 17
VisualStudioVersion = 17.2.32519.379
MinimumVisualStudioVersion = 10.0.40219.1
Project("{FAE04EC0-301F-11D3-BF4B-00C04F79EFBC}") = "Propriedades e eventos dos controles", "Propriedades e eventos dos controles\Propriedades e eventos dos controles.csproj", "{9A5AE6C4-0817-48D5-8E99-FDE5E05D3B98}"
EndProject
Global
	GlobalSection(SolutionConfigurationPlatforms) = preSolution
		Debug|Any CPU = Debug|Any CPU
		Release|Any CPU = Release|Any CPU
	EndGlobalSection
	GlobalSection(ProjectConfigurationPlatforms) = postSolution
		{9A5AE6C4-0817-48D5-8E99-FDE5E05D3B98}.Debug|Any CPU.ActiveCfg = Debug|Any CPU
		{9A5AE6C4-0817-48D5-8E99-FDE5E05D3B98}.Debug|Any CPU.Build.0 = Debug|Any CPU
		{9A5AE6C4-0817-48D5-8E99-FDE5E05D3B98}.Release|Any CPU.ActiveCfg = Release|Any CPU
		{9A5AE6C4-0817-48D5-8E99-FDE5E05D3B98}.Release|Any CPU.Build.0 = Release|Any CPU
	EndGlobalSection
	GlobalSection(SolutionProperties) = preSolution
		HideSolutionNode = FALSE
	EndGlobalSection
	GlobalSection(ExtensibilityGlobals) = postSolution
		SolutionGuid = {FE14F063-2426-46C8-A66F-72353087A9F3}
	EndGlobalSection
EndGlobal
